
Microsoft Visual Studio Solution File, Format Version 12.00
# Visual Studio Version 17
VisualStudioVersion = 17.9.34622.214
MinimumVisualStudioVersion = 10.0.40219.1
Project("{9A19103F-16F7-4668-BE54-9A1E7A4F7556}") = "ShockOsc", "ShockOsc\ShockOsc.csproj", "{D3C13FCF-0FF6-45E1-AA57-0EDF1AB8C48B}"
EndProject
Project("{FAE04EC0-301F-11D3-BF4B-00C04F79EFBC}") = "ModuleBase", "..\Desktop\ModuleBase\ModuleBase.csproj", "{737AAD56-8C03-4B9B-B6DB-E9E5E95B3CE0}"
EndProject
Global
	GlobalSection(SolutionConfigurationPlatforms) = preSolution
		Release|Any CPU = Release|Any CPU
		Debug|Any CPU = Debug|Any CPU
	EndGlobalSection
	GlobalSection(ProjectConfigurationPlatforms) = postSolution
		{737AAD56-8C03-4B9B-B6DB-E9E5E95B3CE0}.Release|Any CPU.ActiveCfg = Release|Any CPU
		{737AAD56-8C03-4B9B-B6DB-E9E5E95B3CE0}.Release|Any CPU.Build.0 = Release|Any CPU
		{737AAD56-8C03-4B9B-B6DB-E9E5E95B3CE0}.Debug|Any CPU.ActiveCfg = Debug|Any CPU
		{737AAD56-8C03-4B9B-B6DB-E9E5E95B3CE0}.Debug|Any CPU.Build.0 = Debug|Any CPU
		{D3C13FCF-0FF6-45E1-AA57-0EDF1AB8C48B}.Release|Any CPU.ActiveCfg = Release|Any CPU
		{D3C13FCF-0FF6-45E1-AA57-0EDF1AB8C48B}.Release|Any CPU.Build.0 = Release|Any CPU
		{D3C13FCF-0FF6-45E1-AA57-0EDF1AB8C48B}.Debug|Any CPU.ActiveCfg = Debug|Any CPU
		{D3C13FCF-0FF6-45E1-AA57-0EDF1AB8C48B}.Debug|Any CPU.Build.0 = Debug|Any CPU
	EndGlobalSection
	GlobalSection(SolutionProperties) = preSolution
		HideSolutionNode = FALSE
	EndGlobalSection
EndGlobal
